
Microsoft Visual Studio Solution File, Format Version 12.00
# Visual Studio 15
VisualStudioVersion = 15.0.28307.271
MinimumVisualStudioVersion = 10.0.40219.1
Project("{FAE04EC0-301F-11D3-BF4B-00C04F79EFBC}") = "JobPortal", "JobPortal\JobPortal.csproj", "{36218EAB-0DB6-48E9-BFFD-77EDB9145611}"
EndProject
Project("{54435603-DBB4-11D2-8724-00A0C9A8B90C}") = "UK Jobs Finder", "UK Jobs Finder\UK Jobs Finder.vdproj", "{00BC6BF4-33F6-40DB-97DC-D9E9BA62212D}"
EndProject
Global
	GlobalSection(SolutionConfigurationPlatforms) = preSolution
		Debug|Any CPU = Debug|Any CPU
		Release|Any CPU = Release|Any CPU
	EndGlobalSection
	GlobalSection(ProjectConfigurationPlatforms) = postSolution
		{36218EAB-0DB6-48E9-BFFD-77EDB9145611}.Debug|Any CPU.ActiveCfg = Debug|Any CPU
		{36218EAB-0DB6-48E9-BFFD-77EDB9145611}.Debug|Any CPU.Build.0 = Debug|Any CPU
		{36218EAB-0DB6-48E9-BFFD-77EDB9145611}.Release|Any CPU.ActiveCfg = Release|Any CPU
		{36218EAB-0DB6-48E9-BFFD-77EDB9145611}.Release|Any CPU.Build.0 = Release|Any CPU
		{00BC6BF4-33F6-40DB-97DC-D9E9BA62212D}.Debug|Any CPU.ActiveCfg = Debug
		{00BC6BF4-33F6-40DB-97DC-D9E9BA62212D}.Release|Any CPU.ActiveCfg = Release
	EndGlobalSection
	GlobalSection(SolutionProperties) = preSolution
		HideSolutionNode = FALSE
	EndGlobalSection
	GlobalSection(ExtensibilityGlobals) = postSolution
		SolutionGuid = {8C2C3D18-AB49-492D-B7FC-51F5FD5225FF}
	EndGlobalSection
EndGlobal
